// !$*UTF8*$!
{
	archiveVersion = 1;
	classes = {
	};
	objectVersion = 56;
	objects = {

/* Begin PBXBuildFile section */
		9A04303229099A390058AAE2 /* AppDelegate.swift in Sources */ = {isa = PBXBuildFile; fileRef = 9A04303129099A390058AAE2 /* AppDelegate.swift */; };
		9A04303429099A390058AAE2 /* SceneDelegate.swift in Sources */ = {isa = PBXBuildFile; fileRef = 9A04303329099A390058AAE2 /* SceneDelegate.swift */; };
		9A04303C29099A390058AAE2 /* nadumkin_edu_hse_ru_PW5.xcdatamodeld in Sources */ = {isa = PBXBuildFile; fileRef = 9A04303A29099A390058AAE2 /* nadumkin_edu_hse_ru_PW5.xcdatamodeld */; };
		9A04303E29099A3B0058AAE2 /* Assets.xcassets in Resources */ = {isa = PBXBuildFile; fileRef = 9A04303D29099A3B0058AAE2 /* Assets.xcassets */; };
		9A04304129099A3B0058AAE2 /* LaunchScreen.storyboard in Resources */ = {isa = PBXBuildFile; fileRef = 9A04303F29099A3B0058AAE2 /* LaunchScreen.storyboard */; };
		9A04306C29099DAA0058AAE2 /* WelcomeViewController.swift in Sources */ = {isa = PBXBuildFile; fileRef = 9A04306029099DAA0058AAE2 /* WelcomeViewController.swift */; };
		9A04306D29099DAA0058AAE2 /* NotesViewController.swift in Sources */ = {isa = PBXBuildFile; fileRef = 9A04306129099DAA0058AAE2 /* NotesViewController.swift */; };
		9A04306E29099DAA0058AAE2 /* NotesModel.swift in Sources */ = {isa = PBXBuildFile; fileRef = 9A04306329099DAA0058AAE2 /* NotesModel.swift */; };
		9A04306F29099DAA0058AAE2 /* NoteCell.swift in Sources */ = {isa = PBXBuildFile; fileRef = 9A04306529099DAA0058AAE2 /* NoteCell.swift */; };
		9A04307029099DAA0058AAE2 /* ColorPaletteView.swift in Sources */ = {isa = PBXBuildFile; fileRef = 9A04306629099DAA0058AAE2 /* ColorPaletteView.swift */; };
		9A04307129099DAA0058AAE2 /* AddNoteCell.swift in Sources */ = {isa = PBXBuildFile; fileRef = 9A04306729099DAA0058AAE2 /* AddNoteCell.swift */; };
		9A04307229099DAA0058AAE2 /* ColorPaletteView_extension.swift in Sources */ = {isa = PBXBuildFile; fileRef = 9A04306829099DAA0058AAE2 /* ColorPaletteView_extension.swift */; };
		9A04307329099DAA0058AAE2 /* UIButton_extension.swift in Sources */ = {isa = PBXBuildFile; fileRef = 9A04306929099DAA0058AAE2 /* UIButton_extension.swift */; };
		9A04307429099DAA0058AAE2 /* UIColor_extension.swift in Sources */ = {isa = PBXBuildFile; fileRef = 9A04306A29099DAA0058AAE2 /* UIColor_extension.swift */; };
		9A04307529099DAA0058AAE2 /* UIViewPin.swift in Sources */ = {isa = PBXBuildFile; fileRef = 9A04306B29099DAA0058AAE2 /* UIViewPin.swift */; };
		9A04307729099EAF0058AAE2 /* NewsListViewController.swift in Sources */ = {isa = PBXBuildFile; fileRef = 9A04307629099EAF0058AAE2 /* NewsListViewController.swift */; };
		9A0430792909A29E0058AAE2 /* NewsCell.swift in Sources */ = {isa = PBXBuildFile; fileRef = 9A0430782909A29E0058AAE2 /* NewsCell.swift */; };
		9A04307B2909A4290058AAE2 /* NewsModel.swift in Sources */ = {isa = PBXBuildFile; fileRef = 9A04307A2909A4290058AAE2 /* NewsModel.swift */; };
		9A043080290C00570058AAE2 /* Model.swift in Sources */ = {isa = PBXBuildFile; fileRef = 9A04307F290C00570058AAE2 /* Model.swift */; };
		9A043083290C01860058AAE2 /* URL_extension.swift in Sources */ = {isa = PBXBuildFile; fileRef = 9A043082290C01860058AAE2 /* URL_extension.swift */; };
		9A043085290C5BB90058AAE2 /* NewsViewController.swift in Sources */ = {isa = PBXBuildFile; fileRef = 9A043084290C5BB90058AAE2 /* NewsViewController.swift */; };
/* End PBXBuildFile section */

/* Begin PBXFileReference section */
		9A04302E29099A390058AAE2 /* nadumkin@edu.hse.ru PW5.app */ = {isa = PBXFileReference; explicitFileType = wrapper.application; includeInIndex = 0; path = "nadumkin@edu.hse.ru PW5.app"; sourceTree = BUILT_PRODUCTS_DIR; };
		9A04303129099A390058AAE2 /* AppDelegate.swift */ = {isa = PBXFileReference; lastKnownFileType = sourcecode.swift; path = AppDelegate.swift; sourceTree = "<group>"; };
		9A04303329099A390058AAE2 /* SceneDelegate.swift */ = {isa = PBXFileReference; lastKnownFileType = sourcecode.swift; path = SceneDelegate.swift; sourceTree = "<group>"; };
		9A04303B29099A390058AAE2 /* nadumkin_edu_hse_ru_PW5.xcdatamodel */ = {isa = PBXFileReference; lastKnownFileType = wrapper.xcdatamodel; path = nadumkin_edu_hse_ru_PW5.xcdatamodel; sourceTree = "<group>"; };
		9A04303D29099A3B0058AAE2 /* Assets.xcassets */ = {isa = PBXFileReference; lastKnownFileType = folder.assetcatalog; path = Assets.xcassets; sourceTree = "<group>"; };
		9A04304029099A3B0058AAE2 /* Base */ = {isa = PBXFileReference; lastKnownFileType = file.storyboard; name = Base; path = Base.lproj/LaunchScreen.storyboard; sourceTree = "<group>"; };
		9A04304229099A3B0058AAE2 /* Info.plist */ = {isa = PBXFileReference; lastKnownFileType = text.plist.xml; path = Info.plist; sourceTree = "<group>"; };
		9A04306029099DAA0058AAE2 /* WelcomeViewController.swift */ = {isa = PBXFileReference; fileEncoding = 4; lastKnownFileType = sourcecode.swift; path = WelcomeViewController.swift; sourceTree = "<group>"; };
		9A04306129099DAA0058AAE2 /* NotesViewController.swift */ = {isa = PBXFileReference; fileEncoding = 4; lastKnownFileType = sourcecode.swift; path = NotesViewController.swift; sourceTree = "<group>"; };
		9A04306329099DAA0058AAE2 /* NotesModel.swift */ = {isa = PBXFileReference; fileEncoding = 4; lastKnownFileType = sourcecode.swift; path = NotesModel.swift; sourceTree = "<group>"; };
		9A04306529099DAA0058AAE2 /* NoteCell.swift */ = {isa = PBXFileReference; fileEncoding = 4; lastKnownFileType = sourcecode.swift; path = NoteCell.swift; sourceTree = "<group>"; };
		9A04306629099DAA0058AAE2 /* ColorPaletteView.swift */ = {isa = PBXFileReference; fileEncoding = 4; lastKnownFileType = sourcecode.swift; path = ColorPaletteView.swift; sourceTree = "<group>"; };
		9A04306729099DAA0058AAE2 /* AddNoteCell.swift */ = {isa = PBXFileReference; fileEncoding = 4; lastKnownFileType = sourcecode.swift; path = AddNoteCell.swift; sourceTree = "<group>"; };
		9A04306829099DAA0058AAE2 /* ColorPaletteView_extension.swift */ = {isa = PBXFileReference; fileEncoding = 4; lastKnownFileType = sourcecode.swift; path = ColorPaletteView_extension.swift; sourceTree = "<group>"; };
		9A04306929099DAA0058AAE2 /* UIButton_extension.swift */ = {isa = PBXFileReference; fileEncoding = 4; lastKnownFileType = sourcecode.swift; path = UIButton_extension.swift; sourceTree = "<group>"; };
		9A04306A29099DAA0058AAE2 /* UIColor_extension.swift */ = {isa = PBXFileReference; fileEncoding = 4; lastKnownFileType = sourcecode.swift; path = UIColor_extension.swift; sourceTree = "<group>"; };
		9A04306B29099DAA0058AAE2 /* UIViewPin.swift */ = {isa = PBXFileReference; fileEncoding = 4; lastKnownFileType = sourcecode.swift; path = UIViewPin.swift; sourceTree = "<group>"; };
		9A04307629099EAF0058AAE2 /* NewsListViewController.swift */ = {isa = PBXFileReference; lastKnownFileType = sourcecode.swift; path = NewsListViewController.swift; sourceTree = "<group>"; };
		9A0430782909A29E0058AAE2 /* NewsCell.swift */ = {isa = PBXFileReference; lastKnownFileType = sourcecode.swift; path = NewsCell.swift; sourceTree = "<group>"; };
		9A04307A2909A4290058AAE2 /* NewsModel.swift */ = {isa = PBXFileReference; lastKnownFileType = sourcecode.swift; path = NewsModel.swift; sourceTree = "<group>"; };
		9A04307F290C00570058AAE2 /* Model.swift */ = {isa = PBXFileReference; lastKnownFileType = sourcecode.swift; path = Model.swift; sourceTree = "<group>"; };
		9A043082290C01860058AAE2 /* URL_extension.swift */ = {isa = PBXFileReference; lastKnownFileType = sourcecode.swift; path = URL_extension.swift; sourceTree = "<group>"; };
		9A043084290C5BB90058AAE2 /* NewsViewController.swift */ = {isa = PBXFileReference; lastKnownFileType = sourcecode.swift; path = NewsViewController.swift; sourceTree = "<group>"; };
/* End PBXFileReference section */

/* Begin PBXFrameworksBuildPhase section */
		9A04302B29099A390058AAE2 /* Frameworks */ = {
			isa = PBXFrameworksBuildPhase;
			buildActionMask = 2147483647;
			files = (
			);
			runOnlyForDeploymentPostprocessing = 0;
		};
/* End PBXFrameworksBuildPhase section */

/* Begin PBXGroup section */
		9A04302529099A390058AAE2 = {
			isa = PBXGroup;
			children = (
				9A04303029099A390058AAE2 /* nadumkin@edu.hse.ru PW5 */,
				9A04302F29099A390058AAE2 /* Products */,
			);
			sourceTree = "<group>";
		};
		9A04302F29099A390058AAE2 /* Products */ = {
			isa = PBXGroup;
			children = (
				9A04302E29099A390058AAE2 /* nadumkin@edu.hse.ru PW5.app */,
			);
			name = Products;
			sourceTree = "<group>";
		};
		9A04303029099A390058AAE2 /* nadumkin@edu.hse.ru PW5 */ = {
			isa = PBXGroup;
			children = (
				9A043081290C01590058AAE2 /* Sys_Extensions */,
				9A04305F29099DAA0058AAE2 /* Controller */,
				9A04306229099DAA0058AAE2 /* Model */,
				9A04306429099DAA0058AAE2 /* View */,
				9A04303129099A390058AAE2 /* AppDelegate.swift */,
				9A04303329099A390058AAE2 /* SceneDelegate.swift */,
				9A04303D29099A3B0058AAE2 /* Assets.xcassets */,
				9A04303F29099A3B0058AAE2 /* LaunchScreen.storyboard */,
				9A04304229099A3B0058AAE2 /* Info.plist */,
				9A04303A29099A390058AAE2 /* nadumkin_edu_hse_ru_PW5.xcdatamodeld */,
			);
			path = "nadumkin@edu.hse.ru PW5";
			sourceTree = "<group>";
		};
		9A04305F29099DAA0058AAE2 /* Controller */ = {
			isa = PBXGroup;
			children = (
				9A04306029099DAA0058AAE2 /* WelcomeViewController.swift */,
				9A04306129099DAA0058AAE2 /* NotesViewController.swift */,
				9A04307629099EAF0058AAE2 /* NewsListViewController.swift */,
				9A043084290C5BB90058AAE2 /* NewsViewController.swift */,
			);
			path = Controller;
			sourceTree = "<group>";
		};
		9A04306229099DAA0058AAE2 /* Model */ = {
			isa = PBXGroup;
			children = (
				9A04306329099DAA0058AAE2 /* NotesModel.swift */,
				9A04307A2909A4290058AAE2 /* NewsModel.swift */,
				9A04307F290C00570058AAE2 /* Model.swift */,
			);
			path = Model;
			sourceTree = "<group>";
		};
		9A04306429099DAA0058AAE2 /* View */ = {
			isa = PBXGroup;
			children = (
				9A04306529099DAA0058AAE2 /* NoteCell.swift */,
				9A04306629099DAA0058AAE2 /* ColorPaletteView.swift */,
				9A04306729099DAA0058AAE2 /* AddNoteCell.swift */,
				9A0430782909A29E0058AAE2 /* NewsCell.swift */,
			);
			path = View;
			sourceTree = "<group>";
		};
		9A043081290C01590058AAE2 /* Sys_Extensions */ = {
			isa = PBXGroup;
			children = (
				9A04306829099DAA0058AAE2 /* ColorPaletteView_extension.swift */,
				9A04306929099DAA0058AAE2 /* UIButton_extension.swift */,
				9A04306A29099DAA0058AAE2 /* UIColor_extension.swift */,
				9A04306B29099DAA0058AAE2 /* UIViewPin.swift */,
				9A043082290C01860058AAE2 /* URL_extension.swift */,
			);
			path = Sys_Extensions;
			sourceTree = "<group>";
		};
/* End PBXGroup section */

/* Begin PBXNativeTarget section */
		9A04302D29099A390058AAE2 /* nadumkin@edu.hse.ru PW5 */ = {
			isa = PBXNativeTarget;
			buildConfigurationList = 9A04304529099A3B0058AAE2 /* Build configuration list for PBXNativeTarget "nadumkin@edu.hse.ru PW5" */;
			buildPhases = (
				9A04302A29099A390058AAE2 /* Sources */,
				9A04302B29099A390058AAE2 /* Frameworks */,
				9A04302C29099A390058AAE2 /* Resources */,
			);
			buildRules = (
			);
			dependencies = (
			);
			name = "nadumkin@edu.hse.ru PW5";
			productName = "nadumkin@edu.hse.ru PW5";
			productReference = 9A04302E29099A390058AAE2 /* nadumkin@edu.hse.ru PW5.app */;
			productType = "com.apple.product-type.application";
		};
/* End PBXNativeTarget section */

/* Begin PBXProject section */
		9A04302629099A390058AAE2 /* Project object */ = {
			isa = PBXProject;
			attributes = {
				BuildIndependentTargetsInParallel = 1;
				LastSwiftUpdateCheck = 1400;
				LastUpgradeCheck = 1400;
				TargetAttributes = {
					9A04302D29099A390058AAE2 = {
						CreatedOnToolsVersion = 14.0;
					};
				};
			};
			buildConfigurationList = 9A04302929099A390058AAE2 /* Build configuration list for PBXProject "nadumkin@edu.hse.ru PW5" */;
			compatibilityVersion = "Xcode 14.0";
			developmentRegion = en;
			hasScannedForEncodings = 0;
			knownRegions = (
				en,
				Base,
			);
			mainGroup = 9A04302529099A390058AAE2;
			productRefGroup = 9A04302F29099A390058AAE2 /* Products */;
			projectDirPath = "";
			projectRoot = "";
			targets = (
				9A04302D29099A390058AAE2 /* nadumkin@edu.hse.ru PW5 */,
			);
		};
/* End PBXProject section */

/* Begin PBXResourcesBuildPhase section */
		9A04302C29099A390058AAE2 /* Resources */ = {
			isa = PBXResourcesBuildPhase;
			buildActionMask = 2147483647;
			files = (
				9A04304129099A3B0058AAE2 /* LaunchScreen.storyboard in Resources */,
				9A04303E29099A3B0058AAE2 /* Assets.xcassets in Resources */,
			);
			runOnlyForDeploymentPostprocessing = 0;
		};
/* End PBXResourcesBuildPhase section */

/* Begin PBXSourcesBuildPhase section */
		9A04302A29099A390058AAE2 /* Sources */ = {
			isa = PBXSourcesBuildPhase;
			buildActionMask = 2147483647;
			files = (
				9A04307329099DAA0058AAE2 /* UIButton_extension.swift in Sources */,
				9A043083290C01860058AAE2 /* URL_extension.swift in Sources */,
				9A04303C29099A390058AAE2 /* nadumkin_edu_hse_ru_PW5.xcdatamodeld in Sources */,
				9A04306D29099DAA0058AAE2 /* NotesViewController.swift in Sources */,
				9A04307529099DAA0058AAE2 /* UIViewPin.swift in Sources */,
				9A0430792909A29E0058AAE2 /* NewsCell.swift in Sources */,
				9A04307729099EAF0058AAE2 /* NewsListViewController.swift in Sources */,
				9A043085290C5BB90058AAE2 /* NewsViewController.swift in Sources */,
				9A04307229099DAA0058AAE2 /* ColorPaletteView_extension.swift in Sources */,
				9A04307029099DAA0058AAE2 /* ColorPaletteView.swift in Sources */,
				9A043080290C00570058AAE2 /* Model.swift in Sources */,
				9A04307B2909A4290058AAE2 /* NewsModel.swift in Sources */,
				9A04306C29099DAA0058AAE2 /* WelcomeViewController.swift in Sources */,
				9A04307129099DAA0058AAE2 /* AddNoteCell.swift in Sources */,
				9A04303229099A390058AAE2 /* AppDelegate.swift in Sources */,
				9A04303429099A390058AAE2 /* SceneDelegate.swift in Sources */,
				9A04306F29099DAA0058AAE2 /* NoteCell.swift in Sources */,
				9A04306E29099DAA0058AAE2 /* NotesModel.swift in Sources */,
				9A04307429099DAA0058AAE2 /* UIColor_extension.swift in Sources */,
			);
			runOnlyForDeploymentPostprocessing = 0;
		};
/* End PBXSourcesBuildPhase section */

/* Begin PBXVariantGroup section */
		9A04303F29099A3B0058AAE2 /* LaunchScreen.storyboard */ = {
			isa = PBXVariantGroup;
			children = (
				9A04304029099A3B0058AAE2 /* Base */,
			);
			name = LaunchScreen.storyboard;
			sourceTree = "<group>";
		};
/* End PBXVariantGroup section */

/* Begin XCBuildConfiguration section */
		9A04304329099A3B0058AAE2 /* Debug */ = {
			isa = XCBuildConfiguration;
			buildSettings = {
				ALWAYS_SEARCH_USER_PATHS = NO;
				CLANG_ANALYZER_NONNULL = YES;
				CLANG_ANALYZER_NUMBER_OBJECT_CONVERSION = YES_AGGRESSIVE;
				CLANG_CXX_LANGUAGE_STANDARD = "gnu++20";
				CLANG_ENABLE_MODULES = YES;
				CLANG_ENABLE_OBJC_ARC = YES;
				CLANG_ENABLE_OBJC_WEAK = YES;
				CLANG_WARN_BLOCK_CAPTURE_AUTORELEASING = YES;
				CLANG_WARN_BOOL_CONVERSION = YES;
				CLANG_WARN_COMMA = YES;
				CLANG_WARN_CONSTANT_CONVERSION = YES;
				CLANG_WARN_DEPRECATED_OBJC_IMPLEMENTATIONS = YES;
				CLANG_WARN_DIRECT_OBJC_ISA_USAGE = YES_ERROR;
				CLANG_WARN_DOCUMENTATION_COMMENTS = YES;
				CLANG_WARN_EMPTY_BODY = YES;
				CLANG_WARN_ENUM_CONVERSION = YES;
				CLANG_WARN_INFINITE_RECURSION = YES;
				CLANG_WARN_INT_CONVERSION = YES;
				CLANG_WARN_NON_LITERAL_NULL_CONVERSION = YES;
				CLANG_WARN_OBJC_IMPLICIT_RETAIN_SELF = YES;
				CLANG_WARN_OBJC_LITERAL_CONVERSION = YES;
				CLANG_WARN_OBJC_ROOT_CLASS = YES_ERROR;
				CLANG_WARN_QUOTED_INCLUDE_IN_FRAMEWORK_HEADER = YES;
				CLANG_WARN_RANGE_LOOP_ANALYSIS = YES;
				CLANG_WARN_STRICT_PROTOTYPES = YES;
				CLANG_WARN_SUSPICIOUS_MOVE = YES;
				CLANG_WARN_UNGUARDED_AVAILABILITY = YES_AGGRESSIVE;
				CLANG_WARN_UNREACHABLE_CODE = YES;
				CLANG_WARN__DUPLICATE_METHOD_MATCH = YES;
				COPY_PHASE_STRIP = NO;
				DEBUG_INFORMATION_FORMAT = dwarf;
				ENABLE_STRICT_OBJC_MSGSEND = YES;
				ENABLE_TESTABILITY = YES;
				GCC_C_LANGUAGE_STANDARD = gnu11;
				GCC_DYNAMIC_NO_PIC = NO;
				GCC_NO_COMMON_BLOCKS = YES;
				GCC_OPTIMIZATION_LEVEL = 0;
				GCC_PREPROCESSOR_DEFINITIONS = (
					"DEBUG=1",
					"$(inherited)",
				);
				GCC_WARN_64_TO_32_BIT_CONVERSION = YES;
				GCC_WARN_ABOUT_RETURN_TYPE = YES_ERROR;
				GCC_WARN_UNDECLARED_SELECTOR = YES;
				GCC_WARN_UNINITIALIZED_AUTOS = YES_AGGRESSIVE;
				GCC_WARN_UNUSED_FUNCTION = YES;
				GCC_WARN_UNUSED_VARIABLE = YES;
				IPHONEOS_DEPLOYMENT_TARGET = 16.0;
				MTL_ENABLE_DEBUG_INFO = INCLUDE_SOURCE;
				MTL_FAST_MATH = YES;
				ONLY_ACTIVE_ARCH = YES;
				SDKROOT = iphoneos;
				SWIFT_ACTIVE_COMPILATION_CONDITIONS = DEBUG;
				SWIFT_OPTIMIZATION_LEVEL = "-Onone";
			};
			name = Debug;
		};
		9A04304429099A3B0058AAE2 /* Release */ = {
			isa = XCBuildConfiguration;
			buildSettings = {
				ALWAYS_SEARCH_USER_PATHS = NO;
				CLANG_ANALYZER_NONNULL = YES;
				CLANG_ANALYZER_NUMBER_OBJECT_CONVERSION = YES_AGGRESSIVE;
				CLANG_CXX_LANGUAGE_STANDARD = "gnu++20";
				CLANG_ENABLE_MODULES = YES;
				CLANG_ENABLE_OBJC_ARC = YES;
				CLANG_ENABLE_OBJC_WEAK = YES;
				CLANG_WARN_BLOCK_CAPTURE_AUTORELEASING = YES;
				CLANG_WARN_BOOL_CONVERSION = YES;
				CLANG_WARN_COMMA = YES;
				CLANG_WARN_CONSTANT_CONVERSION = YES;
				CLANG_WARN_DEPRECATED_OBJC_IMPLEMENTATIONS = YES;
				CLANG_WARN_DIRECT_OBJC_ISA_USAGE = YES_ERROR;
				CLANG_WARN_DOCUMENTATION_COMMENTS = YES;
				CLANG_WARN_EMPTY_BODY = YES;
				CLANG_WARN_ENUM_CONVERSION = YES;
				CLANG_WARN_INFINITE_RECURSION = YES;
				CLANG_WARN_INT_CONVERSION = YES;
				CLANG_WARN_NON_LITERAL_NULL_CONVERSION = YES;
				CLANG_WARN_OBJC_IMPLICIT_RETAIN_SELF = YES;
				CLANG_WARN_OBJC_LITERAL_CONVERSION = YES;
				CLANG_WARN_OBJC_ROOT_CLASS = YES_ERROR;
				CLANG_WARN_QUOTED_INCLUDE_IN_FRAMEWORK_HEADER = YES;
				CLANG_WARN_RANGE_LOOP_ANALYSIS = YES;
				CLANG_WARN_STRICT_PROTOTYPES = YES;
				CLANG_WARN_SUSPICIOUS_MOVE = YES;
				CLANG_WARN_UNGUARDED_AVAILABILITY = YES_AGGRESSIVE;
				CLANG_WARN_UNREACHABLE_CODE = YES;
				CLANG_WARN__DUPLICATE_METHOD_MATCH = YES;
				COPY_PHASE_STRIP = NO;
				DEBUG_INFORMATION_FORMAT = "dwarf-with-dsym";
				ENABLE_NS_ASSERTIONS = NO;
				ENABLE_STRICT_OBJC_MSGSEND = YES;
				GCC_C_LANGUAGE_STANDARD = gnu11;
				GCC_NO_COMMON_BLOCKS = YES;
				GCC_WARN_64_TO_32_BIT_CONVERSION = YES;
				GCC_WARN_ABOUT_RETURN_TYPE = YES_ERROR;
				GCC_WARN_UNDECLARED_SELECTOR = YES;
				GCC_WARN_UNINITIALIZED_AUTOS = YES_AGGRESSIVE;
				GCC_WARN_UNUSED_FUNCTION = YES;
				GCC_WARN_UNUSED_VARIABLE = YES;
				IPHONEOS_DEPLOYMENT_TARGET = 16.0;
				MTL_ENABLE_DEBUG_INFO = NO;
				MTL_FAST_MATH = YES;
				SDKROOT = iphoneos;
				SWIFT_COMPILATION_MODE = wholemodule;
				SWIFT_OPTIMIZATION_LEVEL = "-O";
				VALIDATE_PRODUCT = YES;
			};
			name = Release;
		};
		9A04304629099A3B0058AAE2 /* Debug */ = {
			isa = XCBuildConfiguration;
			buildSettings = {
				ASSETCATALOG_COMPILER_APPICON_NAME = AppIcon;
				ASSETCATALOG_COMPILER_GLOBAL_ACCENT_COLOR_NAME = AccentColor;
				CODE_SIGN_STYLE = Automatic;
				CURRENT_PROJECT_VERSION = 1;
				DEVELOPMENT_TEAM = V4HJGXFQ8J;
				GENERATE_INFOPLIST_FILE = YES;
				INFOPLIST_FILE = "nadumkin@edu.hse.ru PW5/Info.plist";
				INFOPLIST_KEY_UIApplicationSupportsIndirectInputEvents = YES;
				INFOPLIST_KEY_UILaunchStoryboardName = LaunchScreen;
				INFOPLIST_KEY_UISupportedInterfaceOrientations_iPad = "UIInterfaceOrientationPortrait UIInterfaceOrientationPortraitUpsideDown UIInterfaceOrientationLandscapeLeft UIInterfaceOrientationLandscapeRight";
				INFOPLIST_KEY_UISupportedInterfaceOrientations_iPhone = "UIInterfaceOrientationPortrait UIInterfaceOrientationLandscapeLeft UIInterfaceOrientationLandscapeRight";
				LD_RUNPATH_SEARCH_PATHS = (
					"$(inherited)",
					"@executable_path/Frameworks",
				);
				MARKETING_VERSION = 1.0;
				PRODUCT_BUNDLE_IDENTIFIER = "Nikita-s-company.nadumkin-edu-hse-ru-PW5";
				PRODUCT_NAME = "$(TARGET_NAME)";
				SWIFT_EMIT_LOC_STRINGS = YES;
				SWIFT_VERSION = 5.0;
				TARGETED_DEVICE_FAMILY = "1,2";
			};
			name = Debug;
		};
		9A04304729099A3B0058AAE2 /* Release */ = {
			isa = XCBuildConfiguration;
			buildSettings = {
				ASSETCATALOG_COMPILER_APPICON_NAME = AppIcon;
				ASSETCATALOG_COMPILER_GLOBAL_ACCENT_COLOR_NAME = AccentColor;
				CODE_SIGN_STYLE = Automatic;
				CURRENT_PROJECT_VERSION = 1;
				DEVELOPMENT_TEAM = V4HJGXFQ8J;
				GENERATE_INFOPLIST_FILE = YES;
				INFOPLIST_FILE = "nadumkin@edu.hse.ru PW5/Info.plist";
				INFOPLIST_KEY_UIApplicationSupportsIndirectInputEvents = YES;
				INFOPLIST_KEY_UILaunchStoryboardName = LaunchScreen;
				INFOPLIST_KEY_UISupportedInterfaceOrientations_iPad = "UIInterfaceOrientationPortrait UIInterfaceOrientationPortraitUpsideDown UIInterfaceOrientationLandscapeLeft UIInterfaceOrientationLandscapeRight";
				INFOPLIST_KEY_UISupportedInterfaceOrientations_iPhone = "UIInterfaceOrientationPortrait UIInterfaceOrientationLandscapeLeft UIInterfaceOrientationLandscapeRight";
				LD_RUNPATH_SEARCH_PATHS = (
					"$(inherited)",
					"@executable_path/Frameworks",
				);
				MARKETING_VERSION = 1.0;
				PRODUCT_BUNDLE_IDENTIFIER = "Nikita-s-company.nadumkin-edu-hse-ru-PW5";
				PRODUCT_NAME = "$(TARGET_NAME)";
				SWIFT_EMIT_LOC_STRINGS = YES;
				SWIFT_VERSION = 5.0;
				TARGETED_DEVICE_FAMILY = "1,2";
			};
			name = Release;
		};
/* End XCBuildConfiguration section */

/* Begin XCConfigurationList section */
		9A04302929099A390058AAE2 /* Build configuration list for PBXProject "nadumkin@edu.hse.ru PW5" */ = {
			isa = XCConfigurationList;
			buildConfigurations = (
				9A04304329099A3B0058AAE2 /* Debug */,
				9A04304429099A3B0058AAE2 /* Release */,
			);
			defaultConfigurationIsVisible = 0;
			defaultConfigurationName = Release;
		};
		9A04304529099A3B0058AAE2 /* Build configuration list for PBXNativeTarget "nadumkin@edu.hse.ru PW5" */ = {
			isa = XCConfigurationList;
			buildConfigurations = (
				9A04304629099A3B0058AAE2 /* Debug */,
				9A04304729099A3B0058AAE2 /* Release */,
			);
			defaultConfigurationIsVisible = 0;
			defaultConfigurationName = Release;
		};
/* End XCConfigurationList section */

/* Begin XCVersionGroup section */
		9A04303A29099A390058AAE2 /* nadumkin_edu_hse_ru_PW5.xcdatamodeld */ = {
			isa = XCVersionGroup;
			children = (
				9A04303B29099A390058AAE2 /* nadumkin_edu_hse_ru_PW5.xcdatamodel */,
			);
			currentVersion = 9A04303B29099A390058AAE2 /* nadumkin_edu_hse_ru_PW5.xcdatamodel */;
			path = nadumkin_edu_hse_ru_PW5.xcdatamodeld;
			sourceTree = "<group>";
			versionGroupType = wrapper.xcdatamodel;
		};
/* End XCVersionGroup section */
	};
	rootObject = 9A04302629099A390058AAE2 /* Project object */;
}
